{
  "version": 4,
  "terraform_version": "1.8.1",
  "serial": 1,
  "lineage": "21fa15ee-6536-6186-79d4-e836def58a13",
  "outputs": {},
  "resources": [
    {
      "mode": "data",
      "type": "local_file",
      "name": "dog",
      "provider": "provider[\"registry.terraform.io/hashicorp/local\"]",
      "instances": [
        {
          "schema_version": 0,
          "attributes": {
            "content": "Dogs are awesome!\n",
            "content_base64": "RG9ncyBhcmUgYXdlc29tZSEK",
            "content_base64sha256": "GUIxP+dDch6vBoBlq4SCE+RA2qS6bBZHRB/IigGAsTE=",
            "content_base64sha512": "yJfg7/Zo0kGOoLVtsOjGn7d9m9yK2mR95BSrvNtf6cGQwvkg4KvzOG9YmvH/QxaODCH8eiAdgeXUvMm+3ZJbLQ==",
            "content_md5": "c17aee0826af7e2a8c6b7e742f6056dd",
            "content_sha1": "6e62e798446187cb56cdcd55ccfa70fb80b17fb0",
            "content_sha256": "1942313fe743721eaf068065ab848213e440daa4ba6c1647441fc88a0180b131",
            "content_sha512": "c897e0eff668d2418ea0b56db0e8c69fb77d9bdc8ada647de414abbcdb5fe9c190c2f920e0abf3386f589af1ff43168e0c21fc7a201d81e5d4bcc9bedd925b2d",
            "filename": "/home/einfochips/Music/Terraform/Working_with_terraform/dog.txt",
            "id": "6e62e798446187cb56cdcd55ccfa70fb80b17fb0"
          },
          "sensitive_attributes": []
        }
      ]
    },
    {
      "mode": "managed",
      "type": "local_file",
      "name": "pet",
      "provider": "provider[\"registry.terraform.io/hashicorp/local\"]",
      "instances": [
        {
          "schema_version": 0,
          "attributes": {
            "content": "Dogs are awesome!\n",
            "content_base64": null,
            "content_base64sha256": "GUIxP+dDch6vBoBlq4SCE+RA2qS6bBZHRB/IigGAsTE=",
            "content_base64sha512": "yJfg7/Zo0kGOoLVtsOjGn7d9m9yK2mR95BSrvNtf6cGQwvkg4KvzOG9YmvH/QxaODCH8eiAdgeXUvMm+3ZJbLQ==",
            "content_md5": "c17aee0826af7e2a8c6b7e742f6056dd",
            "content_sha1": "6e62e798446187cb56cdcd55ccfa70fb80b17fb0",
            "content_sha256": "1942313fe743721eaf068065ab848213e440daa4ba6c1647441fc88a0180b131",
            "content_sha512": "c897e0eff668d2418ea0b56db0e8c69fb77d9bdc8ada647de414abbcdb5fe9c190c2f920e0abf3386f589af1ff43168e0c21fc7a201d81e5d4bcc9bedd925b2d",
            "directory_permission": "0777",
            "file_permission": "0777",
            "filename": "/home/einfochips/terraform/Lec Example/Datasources/pets.txt",
            "id": "6e62e798446187cb56cdcd55ccfa70fb80b17fb0",
            "sensitive_content": null,
            "source": null
          },
          "sensitive_attributes": [
            [
              {
                "type": "get_attr",
                "value": "sensitive_content"
              }
            ]
          ],
          "dependencies": [
            "data.local_file.dog"
          ]
        }
      ]
    }
  ],
  "check_results": null
}
