{
  "version": 4,
  "terraform_version": "1.8.1",
  "serial": 11,
  "lineage": "56ba5e3c-b2c9-df4f-03cc-54f84f46fd2e",
  "outputs": {
    "id1": {
      "value": "0bdaf1e7-9e09-b899-60b4-6c11dc0350ca",
      "type": "string"
    },
    "id2": {
      "value": "403f827f-940a-3f52-2be6-a5b90eb28d32",
      "type": "string"
    },
    "id3": {
      "value": "005a3ac2-0986-84cb-84ea-d37aadab6bd7",
      "type": "string"
    },
    "id4": {
      "value": "eaa11699-10f3-4b6c-b0a8-87e08946bf5f",
      "type": "string"
    },
    "id5": {
      "value": "6b703df0-73ee-31e7-21d7-3f6a7b72b879",
      "type": "string"
    },
    "id6": {
      "value": "3dd37e04-6539-1ede-d2fd-d4b7366c1a41",
      "type": "string"
    },
    "id7": {
      "value": "30641d7c-ecf5-e4cd-0ca5-b6e4869664a0",
      "type": "string"
    },
    "id7-id": {
      "value": "30641d7c-ecf5-e4cd-0ca5-b6e4869664a0",
      "type": "string"
    },
    "order1": {
      "value": 89924,
      "type": "number"
    },
    "order2": {
      "value": 89924,
      "type": "number"
    }
  },
  "resources": [
    {
      "mode": "managed",
      "type": "random_integer",
      "name": "order1",
      "provider": "provider[\"registry.terraform.io/hashicorp/random\"]",
      "instances": [
        {
          "schema_version": 0,
          "attributes": {
            "id": "89924",
            "keepers": null,
            "max": 99999,
            "min": 1,
            "result": 89924,
            "seed": null
          },
          "sensitive_attributes": []
        }
      ]
    },
    {
      "mode": "managed",
      "type": "random_integer",
      "name": "order2",
      "provider": "provider[\"registry.terraform.io/hashicorp/random\"]",
      "instances": [
        {
          "schema_version": 0,
          "attributes": {
            "id": "120010",
            "keepers": null,
            "max": 222222,
            "min": 1,
            "result": 120010,
            "seed": null
          },
          "sensitive_attributes": []
        }
      ]
    },
    {
      "mode": "managed",
      "type": "random_uuid",
      "name": "id1",
      "provider": "provider[\"registry.terraform.io/hashicorp/random\"]",
      "instances": [
        {
          "schema_version": 0,
          "attributes": {
            "id": "0bdaf1e7-9e09-b899-60b4-6c11dc0350ca",
            "keepers": null,
            "result": "0bdaf1e7-9e09-b899-60b4-6c11dc0350ca"
          },
          "sensitive_attributes": []
        }
      ]
    },
    {
      "mode": "managed",
      "type": "random_uuid",
      "name": "id2",
      "provider": "provider[\"registry.terraform.io/hashicorp/random\"]",
      "instances": [
        {
          "schema_version": 0,
          "attributes": {
            "id": "403f827f-940a-3f52-2be6-a5b90eb28d32",
            "keepers": null,
            "result": "403f827f-940a-3f52-2be6-a5b90eb28d32"
          },
          "sensitive_attributes": []
        }
      ]
    },
    {
      "mode": "managed",
      "type": "random_uuid",
      "name": "id3",
      "provider": "provider[\"registry.terraform.io/hashicorp/random\"]",
      "instances": [
        {
          "schema_version": 0,
          "attributes": {
            "id": "005a3ac2-0986-84cb-84ea-d37aadab6bd7",
            "keepers": null,
            "result": "005a3ac2-0986-84cb-84ea-d37aadab6bd7"
          },
          "sensitive_attributes": []
        }
      ]
    },
    {
      "mode": "managed",
      "type": "random_uuid",
      "name": "id4",
      "provider": "provider[\"registry.terraform.io/hashicorp/random\"]",
      "instances": [
        {
          "schema_version": 0,
          "attributes": {
            "id": "eaa11699-10f3-4b6c-b0a8-87e08946bf5f",
            "keepers": null,
            "result": "eaa11699-10f3-4b6c-b0a8-87e08946bf5f"
          },
          "sensitive_attributes": []
        }
      ]
    },
    {
      "mode": "managed",
      "type": "random_uuid",
      "name": "id5",
      "provider": "provider[\"registry.terraform.io/hashicorp/random\"]",
      "instances": [
        {
          "schema_version": 0,
          "attributes": {
            "id": "6b703df0-73ee-31e7-21d7-3f6a7b72b879",
            "keepers": null,
            "result": "6b703df0-73ee-31e7-21d7-3f6a7b72b879"
          },
          "sensitive_attributes": []
        }
      ]
    },
    {
      "mode": "managed",
      "type": "random_uuid",
      "name": "id6",
      "provider": "provider[\"registry.terraform.io/hashicorp/random\"]",
      "instances": [
        {
          "schema_version": 0,
          "attributes": {
            "id": "3dd37e04-6539-1ede-d2fd-d4b7366c1a41",
            "keepers": null,
            "result": "3dd37e04-6539-1ede-d2fd-d4b7366c1a41"
          },
          "sensitive_attributes": []
        }
      ]
    },
    {
      "mode": "managed",
      "type": "random_uuid",
      "name": "id7",
      "provider": "provider[\"registry.terraform.io/hashicorp/random\"]",
      "instances": [
        {
          "schema_version": 0,
          "attributes": {
            "id": "30641d7c-ecf5-e4cd-0ca5-b6e4869664a0",
            "keepers": null,
            "result": "30641d7c-ecf5-e4cd-0ca5-b6e4869664a0"
          },
          "sensitive_attributes": []
        }
      ]
    }
  ],
  "check_results": null
}
