{
  "version": 4,
  "terraform_version": "1.8.1",
  "serial": 3,
  "lineage": "15166e06-a1df-f38c-7645-9824c8c55f54",
  "outputs": {},
  "resources": [
    {
      "mode": "managed",
      "type": "local_file",
      "name": "file",
      "provider": "provider[\"registry.terraform.io/hashicorp/local\"]",
      "instances": [
        {
          "schema_version": 0,
          "attributes": {
            "content": "xSs2SRd)nd",
            "content_base64": null,
            "content_base64sha256": "bh9KgfI4wdJD8i9I8/PB5EJAvS9APYrscOztchwEyz8=",
            "content_base64sha512": "JPxj3LKJRVpNedCgSznK7dNExspAxT3rx/riXVk22mqaINSDz4tD2EcDF+h/qVVpfm4PYJogToYm0azm61Qj5w==",
            "content_md5": "ca2f60d3b0720c8a1dfb59979d9622f7",
            "content_sha1": "a7408c04da9448b50c25817fa3f6d4c46b3a1e0b",
            "content_sha256": "6e1f4a81f238c1d243f22f48f3f3c1e44240bd2f403d8aec70eced721c04cb3f",
            "content_sha512": "24fc63dcb289455a4d79d0a04b39caedd344c6ca40c53debc7fae25d5936da6a9a20d483cf8b43d8470317e87fa955697e6e0f609a204e8626d1ace6eb5423e7",
            "directory_permission": "0777",
            "file_permission": "700",
            "filename": "/home/einfochips/terraform/Lab/LifeCycle-Rule/Q-7/random_text",
            "id": "a7408c04da9448b50c25817fa3f6d4c46b3a1e0b",
            "sensitive_content": null,
            "source": null
          },
          "sensitive_attributes": [
            [
              {
                "type": "get_attr",
                "value": "sensitive_content"
              }
            ]
          ],
          "dependencies": [
            "random_string.string"
          ]
        }
      ]
    },
    {
      "mode": "managed",
      "type": "random_string",
      "name": "string",
      "provider": "provider[\"registry.terraform.io/hashicorp/random\"]",
      "instances": [
        {
          "schema_version": 2,
          "attributes": {
            "id": "xSs2SRd)nd",
            "keepers": {
              "length": "10"
            },
            "length": 10,
            "lower": true,
            "min_lower": 0,
            "min_numeric": 0,
            "min_special": 0,
            "min_upper": 0,
            "number": true,
            "numeric": true,
            "override_special": null,
            "result": "xSs2SRd)nd",
            "special": true,
            "upper": true
          },
          "sensitive_attributes": []
        }
      ]
    }
  ],
  "check_results": null
}
