{
  "version": 4,
  "terraform_version": "1.8.1",
  "serial": 3,
  "lineage": "c614e821-7af8-56f5-e08f-0da193e52e0f",
  "outputs": {
    "pet-name": {
      "value": "walrus",
      "type": "string"
    },
    "welcome_message": {
      "value": "Welcome to Kodekloud.",
      "type": "string"
    }
  },
  "resources": [
    {
      "mode": "managed",
      "type": "random_pet",
      "name": "my-pet",
      "provider": "provider[\"registry.terraform.io/hashicorp/random\"]",
      "instances": [
        {
          "schema_version": 0,
          "attributes": {
            "id": "walrus",
            "keepers": null,
            "length": 1,
            "prefix": null,
            "separator": "-"
          },
          "sensitive_attributes": []
        }
      ]
    }
  ],
  "check_results": null
}
