{
  "version": 4,
  "terraform_version": "1.8.1",
  "serial": 3,
  "lineage": "23ebdc57-b2b1-1e1b-a1ee-fab044e47b57",
  "outputs": {
    "pet-name": {
      "value": "Mr.divine.rattler",
      "type": "string"
    }
  },
  "resources": [
    {
      "mode": "managed",
      "type": "local_file",
      "name": "pet",
      "provider": "provider[\"registry.terraform.io/hashicorp/local\"]",
      "instances": [
        {
          "schema_version": 0,
          "attributes": {
            "content": "This pet name is created by random_pet resource \u0026 it's output will display on your screens.",
            "content_base64": null,
            "content_base64sha256": "uo2Et2k1ptwHO2KffHhBAJ9d1XB9atzI7RoJXx0M+08=",
            "content_base64sha512": "qeJ5w9y3blWmlfjYzbmFehR+5ANGisDFMzNDk55XkG0+KcBtes3HHe6s/TSUzwX5hxTT9v4gATWveiqUuFWiZw==",
            "content_md5": "5dd4930d1dfcd39be8d167e434bc80f5",
            "content_sha1": "564d1044671432a5417ed9e58cc1aaa314096c46",
            "content_sha256": "ba8d84b76935a6dc073b629f7c7841009f5dd5707d6adcc8ed1a095f1d0cfb4f",
            "content_sha512": "a9e279c3dcb76e55a695f8d8cdb9857a147ee403468ac0c5333343939e57906d3e29c06d7acdc71deeacfd3494cf05f98714d3f6fe200135af7a2a94b855a267",
            "directory_permission": "0777",
            "file_permission": "0777",
            "filename": "/home/einfochips/terraform/Lec Example/output variable/output-pets.txt",
            "id": "564d1044671432a5417ed9e58cc1aaa314096c46",
            "sensitive_content": null,
            "source": null
          },
          "sensitive_attributes": [
            [
              {
                "type": "get_attr",
                "value": "sensitive_content"
              }
            ]
          ]
        }
      ]
    },
    {
      "mode": "managed",
      "type": "random_pet",
      "name": "my-pet",
      "provider": "provider[\"registry.terraform.io/hashicorp/random\"]",
      "instances": [
        {
          "schema_version": 0,
          "attributes": {
            "id": "Mr.divine.rattler",
            "keepers": null,
            "length": 2,
            "prefix": "Mr",
            "separator": "."
          },
          "sensitive_attributes": []
        }
      ]
    }
  ],
  "check_results": null
}
